
Microsoft Visual Studio Solution File, Format Version 12.00
# Visual Studio Version 17
VisualStudioVersion = 17.5.002.0
MinimumVisualStudioVersion = 10.0.40219.1
Project("{9A19103F-16F7-4668-BE54-9A1E7A4F7556}") = "WaveFunctionCollapse", "WaveFunctionCollapse\WaveFunctionCollapse.csproj", "{28877D29-84F6-4982-BAB4-85D0556C09BB}"
EndProject
Project("{FAE04EC0-301F-11D3-BF4B-00C04F79EFBC}") = "WaveFunctionCollapse.Tests", "WaveFunctionCollapse.Tests\WaveFunctionCollapse.Tests.csproj", "{8A71FCA4-D554-44B0-A2D5-D37D3CEBD44A}"
EndProject
Global
	GlobalSection(SolutionConfigurationPlatforms) = preSolution
		Debug|Any CPU = Debug|Any CPU
		Release|Any CPU = Release|Any CPU
	EndGlobalSection
	GlobalSection(ProjectConfigurationPlatforms) = postSolution
		{28877D29-84F6-4982-BAB4-85D0556C09BB}.Debug|Any CPU.ActiveCfg = Debug|Any CPU
		{28877D29-84F6-4982-BAB4-85D0556C09BB}.Debug|Any CPU.Build.0 = Debug|Any CPU
		{28877D29-84F6-4982-BAB4-85D0556C09BB}.Release|Any CPU.ActiveCfg = Release|Any CPU
		{28877D29-84F6-4982-BAB4-85D0556C09BB}.Release|Any CPU.Build.0 = Release|Any CPU
		{8A71FCA4-D554-44B0-A2D5-D37D3CEBD44A}.Debug|Any CPU.ActiveCfg = Debug|Any CPU
		{8A71FCA4-D554-44B0-A2D5-D37D3CEBD44A}.Debug|Any CPU.Build.0 = Debug|Any CPU
		{8A71FCA4-D554-44B0-A2D5-D37D3CEBD44A}.Release|Any CPU.ActiveCfg = Release|Any CPU
		{8A71FCA4-D554-44B0-A2D5-D37D3CEBD44A}.Release|Any CPU.Build.0 = Release|Any CPU
	EndGlobalSection
	GlobalSection(SolutionProperties) = preSolution
		HideSolutionNode = FALSE
	EndGlobalSection
	GlobalSection(ExtensibilityGlobals) = postSolution
		SolutionGuid = {195C1CAC-C7D7-45B6-8580-D5D2CF0C4294}
	EndGlobalSection
EndGlobal
